{
    "version": 3,
    "terraform_version": "0.11.11",
    "serial": 18,
    "lineage": "00bb4884-ac3d-acb5-8135-04322b0cb155",
    "modules": [
        {
            "path": [
                "root"
            ],
            "outputs": {
                "ip": {
                    "sensitive": false,
                    "type": "string",
                    "value": "54.83.120.117"
                }
            },
            "resources": {
                "aws_eip.myip": {
                    "type": "aws_eip",
                    "depends_on": [
                        "aws_instance.myec2"
                    ],
                    "primary": {
                        "id": "eipalloc-00ebf9364b36fa041",
                        "attributes": {
                            "association_id": "eipassoc-0ce8bce39bf771007",
                            "domain": "vpc",
                            "id": "eipalloc-00ebf9364b36fa041",
                            "instance": "i-0bdd63a61b325325d",
                            "network_interface": "eni-08e2efe614ae88967",
                            "private_ip": "172.21.0.159",
                            "public_ip": "54.83.120.117",
                            "public_ipv4_pool": "amazon",
                            "tags.%": "0",
                            "vpc": "true"
                        },
                        "meta": {
                            "e2bfb730-ecaa-11e6-8f88-34363bc7c4c0": {
                                "delete": 180000000000,
                                "read": 900000000000,
                                "update": 300000000000
                            }
                        },
                        "tainted": false
                    },
                    "deposed": [],
                    "provider": "provider.aws"
                },
                "aws_instance.myec2": {
                    "type": "aws_instance",
                    "depends_on": [
                        "aws_security_group.mysg",
                        "aws_subnet.mysn"
                    ],
                    "primary": {
                        "id": "i-0bdd63a61b325325d",
                        "attributes": {
                            "ami": "ami-c4f98ed2",
                            "arn": "arn:aws:ec2:us-east-1:147934160882:instance/i-0bdd63a61b325325d",
                            "associate_public_ip_address": "false",
                            "availability_zone": "us-east-1f",
                            "cpu_core_count": "1",
                            "cpu_threads_per_core": "1",
                            "credit_specification.#": "1",
                            "credit_specification.0.cpu_credits": "standard",
                            "disable_api_termination": "false",
                            "ebs_block_device.#": "0",
                            "ebs_optimized": "false",
                            "ephemeral_block_device.#": "0",
                            "get_password_data": "false",
                            "iam_instance_profile": "",
                            "id": "i-0bdd63a61b325325d",
                            "instance_state": "running",
                            "instance_type": "t2.micro",
                            "ipv6_addresses.#": "0",
                            "key_name": "",
                            "monitoring": "false",
                            "network_interface.#": "0",
                            "network_interface_id": "eni-08e2efe614ae88967",
                            "password_data": "",
                            "placement_group": "",
                            "primary_network_interface_id": "eni-08e2efe614ae88967",
                            "private_dns": "ip-172-21-0-159.ec2.internal",
                            "private_ip": "172.21.0.159",
                            "public_dns": "",
                            "public_ip": "",
                            "root_block_device.#": "1",
                            "root_block_device.0.delete_on_termination": "true",
                            "root_block_device.0.iops": "100",
                            "root_block_device.0.volume_id": "vol-0f594ed77e2116f9d",
                            "root_block_device.0.volume_size": "10",
                            "root_block_device.0.volume_type": "gp2",
                            "security_groups.#": "0",
                            "source_dest_check": "true",
                            "subnet_id": "subnet-0ced1816dce3e5522",
                            "tags.%": "0",
                            "tenancy": "default",
                            "volume_tags.%": "0",
                            "vpc_security_group_ids.#": "1",
                            "vpc_security_group_ids.882786056": "sg-0b6aaf5655f33985f"
                        },
                        "meta": {
                            "e2bfb730-ecaa-11e6-8f88-34363bc7c4c0": {
                                "create": 600000000000,
                                "delete": 1200000000000,
                                "update": 600000000000
                            },
                            "schema_version": "1"
                        },
                        "tainted": false
                    },
                    "deposed": [],
                    "provider": "provider.aws"
                },
                "aws_internet_gateway.myigw": {
                    "type": "aws_internet_gateway",
                    "depends_on": [
                        "aws_vpc.myvpc"
                    ],
                    "primary": {
                        "id": "igw-0a995b81e5740a158",
                        "attributes": {
                            "id": "igw-0a995b81e5740a158",
                            "owner_id": "147934160882",
                            "tags.%": "0",
                            "vpc_id": "vpc-0d0e4a8bf297184e9"
                        },
                        "meta": {},
                        "tainted": false
                    },
                    "deposed": [],
                    "provider": "provider.aws"
                },
                "aws_route.myrt": {
                    "type": "aws_route",
                    "depends_on": [
                        "aws_internet_gateway.myigw",
                        "aws_vpc.myvpc"
                    ],
                    "primary": {
                        "id": "r-rtb-0555bbee9c20164151080289494",
                        "attributes": {
                            "destination_cidr_block": "0.0.0.0/0",
                            "destination_prefix_list_id": "",
                            "egress_only_gateway_id": "",
                            "gateway_id": "igw-0a995b81e5740a158",
                            "id": "r-rtb-0555bbee9c20164151080289494",
                            "instance_id": "",
                            "instance_owner_id": "",
                            "nat_gateway_id": "",
                            "network_interface_id": "",
                            "origin": "CreateRoute",
                            "route_table_id": "rtb-0555bbee9c2016415",
                            "state": "active",
                            "transit_gateway_id": "",
                            "vpc_peering_connection_id": ""
                        },
                        "meta": {
                            "e2bfb730-ecaa-11e6-8f88-34363bc7c4c0": {
                                "create": 120000000000,
                                "delete": 300000000000
                            }
                        },
                        "tainted": false
                    },
                    "deposed": [],
                    "provider": "provider.aws"
                },
                "aws_security_group.mysg": {
                    "type": "aws_security_group",
                    "depends_on": [
                        "aws_vpc.myvpc"
                    ],
                    "primary": {
                        "id": "sg-0b6aaf5655f33985f",
                        "attributes": {
                            "arn": "arn:aws:ec2:us-east-1:147934160882:security-group/sg-0b6aaf5655f33985f",
                            "description": "Managed by Terraform",
                            "egress.#": "1",
                            "egress.482069346.cidr_blocks.#": "1",
                            "egress.482069346.cidr_blocks.0": "0.0.0.0/0",
                            "egress.482069346.description": "",
                            "egress.482069346.from_port": "0",
                            "egress.482069346.ipv6_cidr_blocks.#": "0",
                            "egress.482069346.prefix_list_ids.#": "0",
                            "egress.482069346.protocol": "-1",
                            "egress.482069346.security_groups.#": "0",
                            "egress.482069346.self": "false",
                            "egress.482069346.to_port": "0",
                            "id": "sg-0b6aaf5655f33985f",
                            "ingress.#": "2",
                            "ingress.2214680975.cidr_blocks.#": "1",
                            "ingress.2214680975.cidr_blocks.0": "0.0.0.0/0",
                            "ingress.2214680975.description": "",
                            "ingress.2214680975.from_port": "80",
                            "ingress.2214680975.ipv6_cidr_blocks.#": "0",
                            "ingress.2214680975.prefix_list_ids.#": "0",
                            "ingress.2214680975.protocol": "tcp",
                            "ingress.2214680975.security_groups.#": "0",
                            "ingress.2214680975.self": "false",
                            "ingress.2214680975.to_port": "80",
                            "ingress.2541437006.cidr_blocks.#": "1",
                            "ingress.2541437006.cidr_blocks.0": "0.0.0.0/0",
                            "ingress.2541437006.description": "",
                            "ingress.2541437006.from_port": "22",
                            "ingress.2541437006.ipv6_cidr_blocks.#": "0",
                            "ingress.2541437006.prefix_list_ids.#": "0",
                            "ingress.2541437006.protocol": "tcp",
                            "ingress.2541437006.security_groups.#": "0",
                            "ingress.2541437006.self": "false",
                            "ingress.2541437006.to_port": "22",
                            "name": "terraform-20190129174500769500000001",
                            "owner_id": "147934160882",
                            "revoke_rules_on_delete": "false",
                            "tags.%": "0",
                            "vpc_id": "vpc-0d0e4a8bf297184e9"
                        },
                        "meta": {
                            "e2bfb730-ecaa-11e6-8f88-34363bc7c4c0": {
                                "create": 600000000000,
                                "delete": 600000000000
                            },
                            "schema_version": "1"
                        },
                        "tainted": false
                    },
                    "deposed": [],
                    "provider": "provider.aws"
                },
                "aws_subnet.mysn": {
                    "type": "aws_subnet",
                    "depends_on": [
                        "aws_vpc.myvpc"
                    ],
                    "primary": {
                        "id": "subnet-0ced1816dce3e5522",
                        "attributes": {
                            "arn": "arn:aws:ec2:us-east-1:147934160882:subnet/subnet-0ced1816dce3e5522",
                            "assign_ipv6_address_on_creation": "false",
                            "availability_zone": "us-east-1f",
                            "availability_zone_id": "use1-az5",
                            "cidr_block": "172.21.0.0/24",
                            "id": "subnet-0ced1816dce3e5522",
                            "ipv6_cidr_block": "",
                            "ipv6_cidr_block_association_id": "",
                            "map_public_ip_on_launch": "false",
                            "owner_id": "147934160882",
                            "tags.%": "0",
                            "vpc_id": "vpc-0d0e4a8bf297184e9"
                        },
                        "meta": {
                            "e2bfb730-ecaa-11e6-8f88-34363bc7c4c0": {
                                "create": 600000000000,
                                "delete": 600000000000
                            },
                            "schema_version": "1"
                        },
                        "tainted": false
                    },
                    "deposed": [],
                    "provider": "provider.aws"
                },
                "aws_vpc.myvpc": {
                    "type": "aws_vpc",
                    "depends_on": [],
                    "primary": {
                        "id": "vpc-0d0e4a8bf297184e9",
                        "attributes": {
                            "arn": "arn:aws:ec2:us-east-1:147934160882:vpc/vpc-0d0e4a8bf297184e9",
                            "assign_generated_ipv6_cidr_block": "false",
                            "cidr_block": "172.21.0.0/16",
                            "default_network_acl_id": "acl-0e563587bf3175bcb",
                            "default_route_table_id": "rtb-0555bbee9c2016415",
                            "default_security_group_id": "sg-034b9322860ab86b5",
                            "dhcp_options_id": "dopt-0a19c05538d7a5386",
                            "enable_classiclink": "false",
                            "enable_classiclink_dns_support": "false",
                            "enable_dns_hostnames": "false",
                            "enable_dns_support": "true",
                            "id": "vpc-0d0e4a8bf297184e9",
                            "instance_tenancy": "default",
                            "ipv6_association_id": "",
                            "ipv6_cidr_block": "",
                            "main_route_table_id": "rtb-0555bbee9c2016415",
                            "owner_id": "147934160882",
                            "tags.%": "0"
                        },
                        "meta": {
                            "schema_version": "1"
                        },
                        "tainted": false
                    },
                    "deposed": [],
                    "provider": "provider.aws"
                }
            },
            "depends_on": []
        }
    ]
}
